
Microsoft Visual Studio Solution File, Format Version 10.00
# Visual Studio 2008
Project("{FAE04EC0-301F-11D3-BF4B-00C04F79EFBC}") = "WebRecorder", "WebRecorder\WebRecorder.csproj", "{2CE57CDC-FC1D-454A-BBEA-0E6B1B02B281}"
EndProject
Project("{FAE04EC0-301F-11D3-BF4B-00C04F79EFBC}") = "awaDAL", "awaDAL\awaDAL.csproj", "{5DC5CF28-2A2E-48CC-8827-FDAFCA29C57B}"
EndProject
Project("{FAE04EC0-301F-11D3-BF4B-00C04F79EFBC}") = "awaApplication", "awaApplication\awaApplication.csproj", "{D1C02BEE-44A0-4F32-ACBF-5273542B0645}"
EndProject
Project("{2150E333-8FDC-42A3-9474-1A3956D46DE8}") = "Solution Items", "Solution Items", "{13CC787F-1A1F-4360-8272-215DE4738D35}"
	ProjectSection(SolutionItems) = preProject
		AutoWebAgent.vsmdi = AutoWebAgent.vsmdi
		LocalTestRun.testrunconfig = LocalTestRun.testrunconfig
	EndProjectSection
EndProject
Project("{FAE04EC0-301F-11D3-BF4B-00C04F79EFBC}") = "TestAWA", "TestAWA\TestAWA.csproj", "{1B6336BF-82BC-49BD-B699-6B3F6A55A0F1}"
EndProject
Global
	GlobalSection(TestCaseManagementSettings) = postSolution
		CategoryFile = AutoWebAgent.vsmdi
	EndGlobalSection
	GlobalSection(SolutionConfigurationPlatforms) = preSolution
		Debug|Any CPU = Debug|Any CPU
		Release|Any CPU = Release|Any CPU
	EndGlobalSection
	GlobalSection(ProjectConfigurationPlatforms) = postSolution
		{2CE57CDC-FC1D-454A-BBEA-0E6B1B02B281}.Debug|Any CPU.ActiveCfg = Debug|Any CPU
		{2CE57CDC-FC1D-454A-BBEA-0E6B1B02B281}.Debug|Any CPU.Build.0 = Debug|Any CPU
		{2CE57CDC-FC1D-454A-BBEA-0E6B1B02B281}.Release|Any CPU.ActiveCfg = Release|Any CPU
		{2CE57CDC-FC1D-454A-BBEA-0E6B1B02B281}.Release|Any CPU.Build.0 = Release|Any CPU
		{5DC5CF28-2A2E-48CC-8827-FDAFCA29C57B}.Debug|Any CPU.ActiveCfg = Debug|Any CPU
		{5DC5CF28-2A2E-48CC-8827-FDAFCA29C57B}.Debug|Any CPU.Build.0 = Debug|Any CPU
		{5DC5CF28-2A2E-48CC-8827-FDAFCA29C57B}.Release|Any CPU.ActiveCfg = Release|Any CPU
		{5DC5CF28-2A2E-48CC-8827-FDAFCA29C57B}.Release|Any CPU.Build.0 = Release|Any CPU
		{D1C02BEE-44A0-4F32-ACBF-5273542B0645}.Debug|Any CPU.ActiveCfg = Debug|Any CPU
		{D1C02BEE-44A0-4F32-ACBF-5273542B0645}.Debug|Any CPU.Build.0 = Debug|Any CPU
		{D1C02BEE-44A0-4F32-ACBF-5273542B0645}.Release|Any CPU.ActiveCfg = Release|Any CPU
		{D1C02BEE-44A0-4F32-ACBF-5273542B0645}.Release|Any CPU.Build.0 = Release|Any CPU
		{1B6336BF-82BC-49BD-B699-6B3F6A55A0F1}.Debug|Any CPU.ActiveCfg = Debug|Any CPU
		{1B6336BF-82BC-49BD-B699-6B3F6A55A0F1}.Debug|Any CPU.Build.0 = Debug|Any CPU
		{1B6336BF-82BC-49BD-B699-6B3F6A55A0F1}.Release|Any CPU.ActiveCfg = Release|Any CPU
		{1B6336BF-82BC-49BD-B699-6B3F6A55A0F1}.Release|Any CPU.Build.0 = Release|Any CPU
	EndGlobalSection
	GlobalSection(SolutionProperties) = preSolution
		HideSolutionNode = FALSE
	EndGlobalSection
EndGlobal
