
Microsoft Visual Studio Solution File, Format Version 10.00
# Visual C# Express 2008
Project("{FAE04EC0-301F-11D3-BF4B-00C04F79EFBC}") = "UIATest", "UIATest\UIATest.csproj", "{5E59503C-E912-48FF-BB0F-B9F758E300DE}"
EndProject
Global
	GlobalSection(SolutionConfigurationPlatforms) = preSolution
		Debug|Any CPU = Debug|Any CPU
		Release|Any CPU = Release|Any CPU
	EndGlobalSection
	GlobalSection(ProjectConfigurationPlatforms) = postSolution
		{5E59503C-E912-48FF-BB0F-B9F758E300DE}.Debug|Any CPU.ActiveCfg = Debug|Any CPU
		{5E59503C-E912-48FF-BB0F-B9F758E300DE}.Debug|Any CPU.Build.0 = Debug|Any CPU
		{5E59503C-E912-48FF-BB0F-B9F758E300DE}.Release|Any CPU.ActiveCfg = Release|Any CPU
		{5E59503C-E912-48FF-BB0F-B9F758E300DE}.Release|Any CPU.Build.0 = Release|Any CPU
	EndGlobalSection
	GlobalSection(SolutionProperties) = preSolution
		HideSolutionNode = FALSE
	EndGlobalSection
EndGlobal
